
Microsoft Visual Studio Solution File, Format Version 12.00
# Visual Studio Version 17
VisualStudioVersion = 17.0.31903.59
MinimumVisualStudioVersion = 10.0.40219.1
Project("{2150E333-8FDC-42A3-9474-1A3956D46DE8}") = "src", "src", "{7E9F7205-DD63-41ED-902D-36BBAC34B3DA}"
EndProject
Project("{2150E333-8FDC-42A3-9474-1A3956D46DE8}") = "Core", "Core", "{35E57BD3-40CB-4F83-8D2A-4AE28D411C0F}"
EndProject
Project("{FAE04EC0-301F-11D3-BF4B-00C04F79EFBC}") = "Karami.Common", "src\Core\Karami.Common\Karami.Common.csproj", "{05E18518-EECC-42A4-A10F-EE2C9A455D82}"
EndProject
Project("{FAE04EC0-301F-11D3-BF4B-00C04F79EFBC}") = "Karami.Domain", "src\Core\Karami.Domain\Karami.Domain.csproj", "{81DD4F2A-463D-4397-B524-F2D5F888F995}"
EndProject
Project("{FAE04EC0-301F-11D3-BF4B-00C04F79EFBC}") = "Karami.UseCase", "src\Core\Karami.UseCase\Karami.UseCase.csproj", "{99C334ED-610B-4B11-AFC0-AA18BAD80FAE}"
EndProject
Project("{2150E333-8FDC-42A3-9474-1A3956D46DE8}") = "Infrastructure", "Infrastructure", "{F6114A29-F6F0-4B91-9123-CE938A6AB17D}"
EndProject
Project("{FAE04EC0-301F-11D3-BF4B-00C04F79EFBC}") = "Karami.Infrastructure", "src\Infrastructure\Karami.Infrastructure\Karami.Infrastructure.csproj", "{03B74023-C5FD-40A5-B2CA-F1401EBB2428}"
EndProject
Project("{FAE04EC0-301F-11D3-BF4B-00C04F79EFBC}") = "Karami.Persistence", "src\Infrastructure\Karami.Persistence\Karami.Persistence.csproj", "{5517C5F0-9D7E-4D29-AE66-C87D1C1C1FCC}"
EndProject
Project("{2150E333-8FDC-42A3-9474-1A3956D46DE8}") = "Presentation", "Presentation", "{9606C5B0-9DF3-481F-80F9-F33CC0DD7007}"
EndProject
Project("{FAE04EC0-301F-11D3-BF4B-00C04F79EFBC}") = "Karami.Blazor", "src\Presentation\Karami.Blazor\Karami.Blazor.csproj", "{AFBF6D6D-4FBC-4987-84CF-FC704F0E35D7}"
EndProject
Project("{2150E333-8FDC-42A3-9474-1A3956D46DE8}") = "test", "test", "{BF926A4C-3290-4184-8079-72147D082201}"
EndProject
Project("{2150E333-8FDC-42A3-9474-1A3956D46DE8}") = "E2ETests", "E2ETests", "{5888932B-6593-4F8F-ABAB-C7BBA420082C}"
EndProject
Project("{FAE04EC0-301F-11D3-BF4B-00C04F79EFBC}") = "Presentation", "test\E2ETests\Presentation\Presentation.csproj", "{D07BF754-7FFA-4C4B-B39D-78225CABDB4F}"
EndProject
Project("{2150E333-8FDC-42A3-9474-1A3956D46DE8}") = "IntegrationTests", "IntegrationTests", "{EDBFC72C-0944-4BE7-A37E-7B77AE8A14F5}"
EndProject
Project("{FAE04EC0-301F-11D3-BF4B-00C04F79EFBC}") = "Infrastructure", "test\IntegrationTests\Infrastructure\Infrastructure.csproj", "{C2BE3795-8764-465F-A37C-4FBD80C3189B}"
EndProject
Project("{FAE04EC0-301F-11D3-BF4B-00C04F79EFBC}") = "Presentation", "test\IntegrationTests\Presentation\Presentation.csproj", "{FEEA2458-C1BB-40F0-96B6-77F6A5E8CB79}"
EndProject
Project("{2150E333-8FDC-42A3-9474-1A3956D46DE8}") = "UnitTests", "UnitTests", "{884F9BE7-3C0F-456C-8AFB-BB8902510181}"
EndProject
Project("{FAE04EC0-301F-11D3-BF4B-00C04F79EFBC}") = "Core", "test\UnitTests\Core\Core.csproj", "{8AD07BD0-784D-4CE4-AD72-93E3391020D8}"
EndProject
Project("{FAE04EC0-301F-11D3-BF4B-00C04F79EFBC}") = "Infrastructure", "test\UnitTests\Infrastructure\Infrastructure.csproj", "{0CF30469-30F1-436B-9964-FD11365F96D9}"
EndProject
Project("{FAE04EC0-301F-11D3-BF4B-00C04F79EFBC}") = "Presentation", "test\UnitTests\Presentation\Presentation.csproj", "{9AD91941-6FEF-44E8-84ED-34D74DC1C5C3}"
EndProject
Global
	GlobalSection(SolutionConfigurationPlatforms) = preSolution
		Debug|Any CPU = Debug|Any CPU
		Release|Any CPU = Release|Any CPU
	EndGlobalSection
	GlobalSection(SolutionProperties) = preSolution
		HideSolutionNode = FALSE
	EndGlobalSection
	GlobalSection(ProjectConfigurationPlatforms) = postSolution
		{05E18518-EECC-42A4-A10F-EE2C9A455D82}.Debug|Any CPU.ActiveCfg = Debug|Any CPU
		{05E18518-EECC-42A4-A10F-EE2C9A455D82}.Debug|Any CPU.Build.0 = Debug|Any CPU
		{05E18518-EECC-42A4-A10F-EE2C9A455D82}.Release|Any CPU.ActiveCfg = Release|Any CPU
		{05E18518-EECC-42A4-A10F-EE2C9A455D82}.Release|Any CPU.Build.0 = Release|Any CPU
		{81DD4F2A-463D-4397-B524-F2D5F888F995}.Debug|Any CPU.ActiveCfg = Debug|Any CPU
		{81DD4F2A-463D-4397-B524-F2D5F888F995}.Debug|Any CPU.Build.0 = Debug|Any CPU
		{81DD4F2A-463D-4397-B524-F2D5F888F995}.Release|Any CPU.ActiveCfg = Release|Any CPU
		{81DD4F2A-463D-4397-B524-F2D5F888F995}.Release|Any CPU.Build.0 = Release|Any CPU
		{99C334ED-610B-4B11-AFC0-AA18BAD80FAE}.Debug|Any CPU.ActiveCfg = Debug|Any CPU
		{99C334ED-610B-4B11-AFC0-AA18BAD80FAE}.Debug|Any CPU.Build.0 = Debug|Any CPU
		{99C334ED-610B-4B11-AFC0-AA18BAD80FAE}.Release|Any CPU.ActiveCfg = Release|Any CPU
		{99C334ED-610B-4B11-AFC0-AA18BAD80FAE}.Release|Any CPU.Build.0 = Release|Any CPU
		{03B74023-C5FD-40A5-B2CA-F1401EBB2428}.Debug|Any CPU.ActiveCfg = Debug|Any CPU
		{03B74023-C5FD-40A5-B2CA-F1401EBB2428}.Debug|Any CPU.Build.0 = Debug|Any CPU
		{03B74023-C5FD-40A5-B2CA-F1401EBB2428}.Release|Any CPU.ActiveCfg = Release|Any CPU
		{03B74023-C5FD-40A5-B2CA-F1401EBB2428}.Release|Any CPU.Build.0 = Release|Any CPU
		{5517C5F0-9D7E-4D29-AE66-C87D1C1C1FCC}.Debug|Any CPU.ActiveCfg = Debug|Any CPU
		{5517C5F0-9D7E-4D29-AE66-C87D1C1C1FCC}.Debug|Any CPU.Build.0 = Debug|Any CPU
		{5517C5F0-9D7E-4D29-AE66-C87D1C1C1FCC}.Release|Any CPU.ActiveCfg = Release|Any CPU
		{5517C5F0-9D7E-4D29-AE66-C87D1C1C1FCC}.Release|Any CPU.Build.0 = Release|Any CPU
		{AFBF6D6D-4FBC-4987-84CF-FC704F0E35D7}.Debug|Any CPU.ActiveCfg = Debug|Any CPU
		{AFBF6D6D-4FBC-4987-84CF-FC704F0E35D7}.Debug|Any CPU.Build.0 = Debug|Any CPU
		{AFBF6D6D-4FBC-4987-84CF-FC704F0E35D7}.Release|Any CPU.ActiveCfg = Release|Any CPU
		{AFBF6D6D-4FBC-4987-84CF-FC704F0E35D7}.Release|Any CPU.Build.0 = Release|Any CPU
		{D07BF754-7FFA-4C4B-B39D-78225CABDB4F}.Debug|Any CPU.ActiveCfg = Debug|Any CPU
		{D07BF754-7FFA-4C4B-B39D-78225CABDB4F}.Debug|Any CPU.Build.0 = Debug|Any CPU
		{D07BF754-7FFA-4C4B-B39D-78225CABDB4F}.Release|Any CPU.ActiveCfg = Release|Any CPU
		{D07BF754-7FFA-4C4B-B39D-78225CABDB4F}.Release|Any CPU.Build.0 = Release|Any CPU
		{C2BE3795-8764-465F-A37C-4FBD80C3189B}.Debug|Any CPU.ActiveCfg = Debug|Any CPU
		{C2BE3795-8764-465F-A37C-4FBD80C3189B}.Debug|Any CPU.Build.0 = Debug|Any CPU
		{C2BE3795-8764-465F-A37C-4FBD80C3189B}.Release|Any CPU.ActiveCfg = Release|Any CPU
		{C2BE3795-8764-465F-A37C-4FBD80C3189B}.Release|Any CPU.Build.0 = Release|Any CPU
		{FEEA2458-C1BB-40F0-96B6-77F6A5E8CB79}.Debug|Any CPU.ActiveCfg = Debug|Any CPU
		{FEEA2458-C1BB-40F0-96B6-77F6A5E8CB79}.Debug|Any CPU.Build.0 = Debug|Any CPU
		{FEEA2458-C1BB-40F0-96B6-77F6A5E8CB79}.Release|Any CPU.ActiveCfg = Release|Any CPU
		{FEEA2458-C1BB-40F0-96B6-77F6A5E8CB79}.Release|Any CPU.Build.0 = Release|Any CPU
		{8AD07BD0-784D-4CE4-AD72-93E3391020D8}.Debug|Any CPU.ActiveCfg = Debug|Any CPU
		{8AD07BD0-784D-4CE4-AD72-93E3391020D8}.Debug|Any CPU.Build.0 = Debug|Any CPU
		{8AD07BD0-784D-4CE4-AD72-93E3391020D8}.Release|Any CPU.ActiveCfg = Release|Any CPU
		{8AD07BD0-784D-4CE4-AD72-93E3391020D8}.Release|Any CPU.Build.0 = Release|Any CPU
		{0CF30469-30F1-436B-9964-FD11365F96D9}.Debug|Any CPU.ActiveCfg = Debug|Any CPU
		{0CF30469-30F1-436B-9964-FD11365F96D9}.Debug|Any CPU.Build.0 = Debug|Any CPU
		{0CF30469-30F1-436B-9964-FD11365F96D9}.Release|Any CPU.ActiveCfg = Release|Any CPU
		{0CF30469-30F1-436B-9964-FD11365F96D9}.Release|Any CPU.Build.0 = Release|Any CPU
		{9AD91941-6FEF-44E8-84ED-34D74DC1C5C3}.Debug|Any CPU.ActiveCfg = Debug|Any CPU
		{9AD91941-6FEF-44E8-84ED-34D74DC1C5C3}.Debug|Any CPU.Build.0 = Debug|Any CPU
		{9AD91941-6FEF-44E8-84ED-34D74DC1C5C3}.Release|Any CPU.ActiveCfg = Release|Any CPU
		{9AD91941-6FEF-44E8-84ED-34D74DC1C5C3}.Release|Any CPU.Build.0 = Release|Any CPU
	EndGlobalSection
	GlobalSection(NestedProjects) = preSolution
		{35E57BD3-40CB-4F83-8D2A-4AE28D411C0F} = {7E9F7205-DD63-41ED-902D-36BBAC34B3DA}
		{05E18518-EECC-42A4-A10F-EE2C9A455D82} = {35E57BD3-40CB-4F83-8D2A-4AE28D411C0F}
		{81DD4F2A-463D-4397-B524-F2D5F888F995} = {35E57BD3-40CB-4F83-8D2A-4AE28D411C0F}
		{99C334ED-610B-4B11-AFC0-AA18BAD80FAE} = {35E57BD3-40CB-4F83-8D2A-4AE28D411C0F}
		{F6114A29-F6F0-4B91-9123-CE938A6AB17D} = {7E9F7205-DD63-41ED-902D-36BBAC34B3DA}
		{03B74023-C5FD-40A5-B2CA-F1401EBB2428} = {F6114A29-F6F0-4B91-9123-CE938A6AB17D}
		{5517C5F0-9D7E-4D29-AE66-C87D1C1C1FCC} = {F6114A29-F6F0-4B91-9123-CE938A6AB17D}
		{9606C5B0-9DF3-481F-80F9-F33CC0DD7007} = {7E9F7205-DD63-41ED-902D-36BBAC34B3DA}
		{AFBF6D6D-4FBC-4987-84CF-FC704F0E35D7} = {9606C5B0-9DF3-481F-80F9-F33CC0DD7007}
		{5888932B-6593-4F8F-ABAB-C7BBA420082C} = {BF926A4C-3290-4184-8079-72147D082201}
		{D07BF754-7FFA-4C4B-B39D-78225CABDB4F} = {5888932B-6593-4F8F-ABAB-C7BBA420082C}
		{EDBFC72C-0944-4BE7-A37E-7B77AE8A14F5} = {BF926A4C-3290-4184-8079-72147D082201}
		{C2BE3795-8764-465F-A37C-4FBD80C3189B} = {EDBFC72C-0944-4BE7-A37E-7B77AE8A14F5}
		{FEEA2458-C1BB-40F0-96B6-77F6A5E8CB79} = {EDBFC72C-0944-4BE7-A37E-7B77AE8A14F5}
		{884F9BE7-3C0F-456C-8AFB-BB8902510181} = {BF926A4C-3290-4184-8079-72147D082201}
		{8AD07BD0-784D-4CE4-AD72-93E3391020D8} = {884F9BE7-3C0F-456C-8AFB-BB8902510181}
		{0CF30469-30F1-436B-9964-FD11365F96D9} = {884F9BE7-3C0F-456C-8AFB-BB8902510181}
		{9AD91941-6FEF-44E8-84ED-34D74DC1C5C3} = {884F9BE7-3C0F-456C-8AFB-BB8902510181}
	EndGlobalSection
EndGlobal
